{
  "version": 4,
  "terraform_version": "0.12.8",
  "serial": 19,
  "lineage": "22139bb4-9b16-0a4d-9d9a-6ed43c8c4803",
  "outputs": {},
  "resources": [
    {
      "mode": "managed",
      "type": "azurerm_availability_set",
      "name": "avset",
      "provider": "provider.azurerm",
      "instances": [
        {
          "schema_version": 0,
          "attributes": {
            "id": "/subscriptions/e0fae348-f6c2-45f5-87b7-c41c22782d8f/resourceGroups/rg-user05/providers/Microsoft.Compute/availabilitySets/avset-user05",
            "location": "koreasouth",
            "managed": true,
            "name": "avset-user05",
            "platform_fault_domain_count": 2,
            "platform_update_domain_count": 2,
            "proximity_placement_group_id": null,
            "resource_group_name": "rg-user05",
            "tags": {}
          },
          "private": "bnVsbA==",
          "depends_on": [
            "azurerm_resource_group.rg"
          ]
        }
      ]
    },
    {
      "mode": "managed",
      "type": "azurerm_lb",
      "name": "lb",
      "provider": "provider.azurerm",
      "instances": [
        {
          "schema_version": 0,
          "attributes": {
            "frontend_ip_configuration": [
              {
                "inbound_nat_rules": [],
                "load_balancer_rules": [],
                "name": "LoadBalancerFrontEnd",
                "outbound_rules": [],
                "private_ip_address": "",
                "private_ip_address_allocation": "Dynamic",
                "public_ip_address_id": "/subscriptions/e0fae348-f6c2-45f5-87b7-c41c22782d8f/resourceGroups/rg-user05/providers/Microsoft.Network/publicIPAddresses/domainip-user05",
                "public_ip_prefix_id": "",
                "subnet_id": "",
                "zones": null
              }
            ],
            "id": "/subscriptions/e0fae348-f6c2-45f5-87b7-c41c22782d8f/resourceGroups/rg-user05/providers/Microsoft.Network/loadBalancers/lb-user05",
            "location": "koreasouth",
            "name": "lb-user05",
            "private_ip_address": "",
            "private_ip_addresses": [],
            "resource_group_name": "rg-user05",
            "sku": "Basic",
            "tags": {}
          },
          "private": "bnVsbA==",
          "depends_on": [
            "azurerm_public_ip.domainip",
            "azurerm_resource_group.rg"
          ]
        }
      ]
    },
    {
      "mode": "managed",
      "type": "azurerm_lb_backend_address_pool",
      "name": "bp",
      "provider": "provider.azurerm",
      "instances": [
        {
          "schema_version": 0,
          "attributes": {
            "backend_ip_configurations": [],
            "id": "/subscriptions/e0fae348-f6c2-45f5-87b7-c41c22782d8f/resourceGroups/rg-user05/providers/Microsoft.Network/loadBalancers/lb-user05/backendAddressPools/BackendPool-user05",
            "load_balancing_rules": [],
            "loadbalancer_id": "/subscriptions/e0fae348-f6c2-45f5-87b7-c41c22782d8f/resourceGroups/rg-user05/providers/Microsoft.Network/loadBalancers/lb-user05",
            "location": null,
            "name": "BackendPool-user05",
            "resource_group_name": "rg-user05"
          },
          "private": "bnVsbA==",
          "depends_on": [
            "azurerm_lb.lb",
            "azurerm_resource_group.rg"
          ]
        }
      ]
    },
    {
      "mode": "managed",
      "type": "azurerm_lb_probe",
      "name": "lb_probe",
      "provider": "provider.azurerm",
      "instances": [
        {
          "schema_version": 0,
          "attributes": {
            "id": "/subscriptions/e0fae348-f6c2-45f5-87b7-c41c22782d8f/resourceGroups/rg-user05/providers/Microsoft.Network/loadBalancers/lb-user05/probes/tcpProbe-user05",
            "interval_in_seconds": 5,
            "load_balancer_rules": [],
            "loadbalancer_id": "/subscriptions/e0fae348-f6c2-45f5-87b7-c41c22782d8f/resourceGroups/rg-user05/providers/Microsoft.Network/loadBalancers/lb-user05",
            "location": null,
            "name": "tcpProbe-user05",
            "number_of_probes": 2,
            "port": 80,
            "protocol": "Tcp",
            "request_path": "",
            "resource_group_name": "rg-user05"
          },
          "private": "bnVsbA==",
          "depends_on": [
            "azurerm_lb.lb",
            "azurerm_resource_group.rg"
          ]
        }
      ]
    },
    {
      "mode": "managed",
      "type": "azurerm_lb_rule",
      "name": "lb_rule",
      "provider": "provider.azurerm",
      "instances": [
        {
          "schema_version": 0,
          "attributes": {
            "backend_address_pool_id": "/subscriptions/e0fae348-f6c2-45f5-87b7-c41c22782d8f/resourceGroups/rg-user05/providers/Microsoft.Network/loadBalancers/lb-user05/backendAddressPools/BackendPool-user05",
            "backend_port": 80,
            "disable_outbound_snat": false,
            "enable_floating_ip": false,
            "frontend_ip_configuration_id": "/subscriptions/e0fae348-f6c2-45f5-87b7-c41c22782d8f/resourceGroups/rg-user05/providers/Microsoft.Network/loadBalancers/lb-user05/frontendIPConfigurations/LoadBalancerFrontEnd",
            "frontend_ip_configuration_name": "LoadBalancerFrontEnd",
            "frontend_port": 80,
            "id": "/subscriptions/e0fae348-f6c2-45f5-87b7-c41c22782d8f/resourceGroups/rg-user05/providers/Microsoft.Network/loadBalancers/lb-user05/loadBalancingRules/LBRule-user05",
            "idle_timeout_in_minutes": 5,
            "load_distribution": "Default",
            "loadbalancer_id": "/subscriptions/e0fae348-f6c2-45f5-87b7-c41c22782d8f/resourceGroups/rg-user05/providers/Microsoft.Network/loadBalancers/lb-user05",
            "location": null,
            "name": "LBRule-user05",
            "probe_id": "/subscriptions/e0fae348-f6c2-45f5-87b7-c41c22782d8f/resourceGroups/rg-user05/providers/Microsoft.Network/loadBalancers/lb-user05/probes/tcpProbe-user05",
            "protocol": "Tcp",
            "resource_group_name": "rg-user05"
          },
          "private": "bnVsbA==",
          "depends_on": [
            "azurerm_lb.lb",
            "azurerm_lb_backend_address_pool.bp",
            "azurerm_lb_probe.lb_probe",
            "azurerm_resource_group.rg"
          ]
        }
      ]
    },
    {
      "mode": "managed",
      "type": "azurerm_network_interface",
      "name": "nic",
      "each": "list",
      "provider": "provider.azurerm",
      "instances": [
        {
          "index_key": 0,
          "schema_version": 0,
          "attributes": {
            "applied_dns_servers": [],
            "dns_servers": [],
            "enable_accelerated_networking": false,
            "enable_ip_forwarding": false,
            "id": "/subscriptions/e0fae348-f6c2-45f5-87b7-c41c22782d8f/resourceGroups/rg-user05/providers/Microsoft.Network/networkInterfaces/nic0-user05",
            "internal_dns_name_label": "",
            "internal_fqdn": "",
            "ip_configuration": [
              {
                "application_gateway_backend_address_pools_ids": [],
                "application_security_group_ids": [],
                "load_balancer_backend_address_pools_ids": [],
                "load_balancer_inbound_nat_rules_ids": [],
                "name": "ipconfig0",
                "primary": true,
                "private_ip_address": "",
                "private_ip_address_allocation": "dynamic",
                "private_ip_address_version": "IPv4",
                "public_ip_address_id": "/subscriptions/e0fae348-f6c2-45f5-87b7-c41c22782d8f/resourceGroups/rg-user05/providers/Microsoft.Network/publicIPAddresses/rdpip0-user05",
                "subnet_id": "/subscriptions/e0fae348-f6c2-45f5-87b7-c41c22782d8f/resourceGroups/rg-user05/providers/Microsoft.Network/virtualNetworks/vnet-user05/subnets/sub-user05"
              }
            ],
            "location": "koreasouth",
            "mac_address": "",
            "name": "nic0-user05",
            "network_security_group_id": "/subscriptions/e0fae348-f6c2-45f5-87b7-c41c22782d8f/resourceGroups/rg-user05/providers/Microsoft.Network/networkSecurityGroups/sg-user05",
            "private_ip_address": "5.0.1.4",
            "private_ip_addresses": [
              "5.0.1.4"
            ],
            "resource_group_name": "rg-user05",
            "tags": {},
            "virtual_machine_id": null
          },
          "private": "bnVsbA==",
          "depends_on": [
            "azurerm_network_security_group.sg",
            "azurerm_public_ip.rdpip",
            "azurerm_resource_group.rg",
            "azurerm_subnet.sub"
          ]
        },
        {
          "index_key": 1,
          "schema_version": 0,
          "attributes": {
            "applied_dns_servers": [],
            "dns_servers": [],
            "enable_accelerated_networking": false,
            "enable_ip_forwarding": false,
            "id": "/subscriptions/e0fae348-f6c2-45f5-87b7-c41c22782d8f/resourceGroups/rg-user05/providers/Microsoft.Network/networkInterfaces/nic1-user05",
            "internal_dns_name_label": "",
            "internal_fqdn": "",
            "ip_configuration": [
              {
                "application_gateway_backend_address_pools_ids": [],
                "application_security_group_ids": [],
                "load_balancer_backend_address_pools_ids": [],
                "load_balancer_inbound_nat_rules_ids": [],
                "name": "ipconfig1",
                "primary": true,
                "private_ip_address": "",
                "private_ip_address_allocation": "dynamic",
                "private_ip_address_version": "IPv4",
                "public_ip_address_id": "/subscriptions/e0fae348-f6c2-45f5-87b7-c41c22782d8f/resourceGroups/rg-user05/providers/Microsoft.Network/publicIPAddresses/rdpip1-user05",
                "subnet_id": "/subscriptions/e0fae348-f6c2-45f5-87b7-c41c22782d8f/resourceGroups/rg-user05/providers/Microsoft.Network/virtualNetworks/vnet-user05/subnets/sub-user05"
              }
            ],
            "location": "koreasouth",
            "mac_address": "",
            "name": "nic1-user05",
            "network_security_group_id": "/subscriptions/e0fae348-f6c2-45f5-87b7-c41c22782d8f/resourceGroups/rg-user05/providers/Microsoft.Network/networkSecurityGroups/sg-user05",
            "private_ip_address": "5.0.1.5",
            "private_ip_addresses": [
              "5.0.1.5"
            ],
            "resource_group_name": "rg-user05",
            "tags": {},
            "virtual_machine_id": null
          },
          "private": "bnVsbA==",
          "depends_on": [
            "azurerm_network_security_group.sg",
            "azurerm_public_ip.rdpip",
            "azurerm_resource_group.rg",
            "azurerm_subnet.sub"
          ]
        }
      ]
    },
    {
      "mode": "managed",
      "type": "azurerm_network_interface_backend_address_pool_association",
      "name": "bapa",
      "each": "list",
      "provider": "provider.azurerm",
      "instances": [
        {
          "index_key": 0,
          "schema_version": 0,
          "attributes": {
            "backend_address_pool_id": "/subscriptions/e0fae348-f6c2-45f5-87b7-c41c22782d8f/resourceGroups/rg-user05/providers/Microsoft.Network/loadBalancers/lb-user05/backendAddressPools/BackendPool-user05",
            "id": "/subscriptions/e0fae348-f6c2-45f5-87b7-c41c22782d8f/resourceGroups/rg-user05/providers/Microsoft.Network/networkInterfaces/nic0-user05/ipConfigurations/ipconfig0|/subscriptions/e0fae348-f6c2-45f5-87b7-c41c22782d8f/resourceGroups/rg-user05/providers/Microsoft.Network/loadBalancers/lb-user05/backendAddressPools/BackendPool-user05",
            "ip_configuration_name": "ipconfig0",
            "network_interface_id": "/subscriptions/e0fae348-f6c2-45f5-87b7-c41c22782d8f/resourceGroups/rg-user05/providers/Microsoft.Network/networkInterfaces/nic0-user05"
          },
          "private": "bnVsbA==",
          "depends_on": [
            "azurerm_lb_backend_address_pool.bp",
            "azurerm_network_interface.nic"
          ]
        },
        {
          "index_key": 1,
          "schema_version": 0,
          "attributes": {
            "backend_address_pool_id": "/subscriptions/e0fae348-f6c2-45f5-87b7-c41c22782d8f/resourceGroups/rg-user05/providers/Microsoft.Network/loadBalancers/lb-user05/backendAddressPools/BackendPool-user05",
            "id": "/subscriptions/e0fae348-f6c2-45f5-87b7-c41c22782d8f/resourceGroups/rg-user05/providers/Microsoft.Network/networkInterfaces/nic1-user05/ipConfigurations/ipconfig1|/subscriptions/e0fae348-f6c2-45f5-87b7-c41c22782d8f/resourceGroups/rg-user05/providers/Microsoft.Network/loadBalancers/lb-user05/backendAddressPools/BackendPool-user05",
            "ip_configuration_name": "ipconfig1",
            "network_interface_id": "/subscriptions/e0fae348-f6c2-45f5-87b7-c41c22782d8f/resourceGroups/rg-user05/providers/Microsoft.Network/networkInterfaces/nic1-user05"
          },
          "private": "bnVsbA==",
          "depends_on": [
            "azurerm_lb_backend_address_pool.bp",
            "azurerm_network_interface.nic"
          ]
        }
      ]
    },
    {
      "mode": "managed",
      "type": "azurerm_network_security_group",
      "name": "sg",
      "provider": "provider.azurerm",
      "instances": [
        {
          "schema_version": 0,
          "attributes": {
            "id": "/subscriptions/e0fae348-f6c2-45f5-87b7-c41c22782d8f/resourceGroups/rg-user05/providers/Microsoft.Network/networkSecurityGroups/sg-user05",
            "location": "koreasouth",
            "name": "sg-user05",
            "resource_group_name": "rg-user05",
            "security_rule": [
              {
                "access": "Allow",
                "description": "",
                "destination_address_prefix": "*",
                "destination_address_prefixes": [],
                "destination_application_security_group_ids": [],
                "destination_port_range": "22",
                "destination_port_ranges": [],
                "direction": "Inbound",
                "name": "SSH",
                "priority": 1001,
                "protocol": "Tcp",
                "source_address_prefix": "*",
                "source_address_prefixes": [],
                "source_application_security_group_ids": [],
                "source_port_range": "*",
                "source_port_ranges": []
              },
              {
                "access": "Allow",
                "description": "",
                "destination_address_prefix": "*",
                "destination_address_prefixes": [],
                "destination_application_security_group_ids": [],
                "destination_port_range": "80",
                "destination_port_ranges": [],
                "direction": "Inbound",
                "name": "HTTP",
                "priority": 2001,
                "protocol": "Tcp",
                "source_address_prefix": "*",
                "source_address_prefixes": [],
                "source_application_security_group_ids": [],
                "source_port_range": "*",
                "source_port_ranges": []
              }
            ],
            "tags": {}
          },
          "private": "bnVsbA==",
          "depends_on": [
            "azurerm_resource_group.rg"
          ]
        }
      ]
    },
    {
      "mode": "managed",
      "type": "azurerm_public_ip",
      "name": "domainip",
      "provider": "provider.azurerm",
      "instances": [
        {
          "schema_version": 0,
          "attributes": {
            "allocation_method": "Static",
            "domain_name_label": "domainip-user05",
            "fqdn": "domainip-user05.koreasouth.cloudapp.azure.com",
            "id": "/subscriptions/e0fae348-f6c2-45f5-87b7-c41c22782d8f/resourceGroups/rg-user05/providers/Microsoft.Network/publicIPAddresses/domainip-user05",
            "idle_timeout_in_minutes": 4,
            "ip_address": "52.231.166.224",
            "ip_version": "IPv4",
            "location": "koreasouth",
            "name": "domainip-user05",
            "public_ip_address_allocation": "Static",
            "public_ip_prefix_id": null,
            "resource_group_name": "rg-user05",
            "reverse_fqdn": "",
            "sku": "Basic",
            "tags": {},
            "zones": null
          },
          "private": "bnVsbA==",
          "depends_on": [
            "azurerm_resource_group.rg"
          ]
        }
      ]
    },
    {
      "mode": "managed",
      "type": "azurerm_public_ip",
      "name": "rdpip",
      "each": "list",
      "provider": "provider.azurerm",
      "instances": [
        {
          "index_key": 0,
          "schema_version": 0,
          "attributes": {
            "allocation_method": "Dynamic",
            "domain_name_label": null,
            "fqdn": null,
            "id": "/subscriptions/e0fae348-f6c2-45f5-87b7-c41c22782d8f/resourceGroups/rg-user05/providers/Microsoft.Network/publicIPAddresses/rdpip0-user05",
            "idle_timeout_in_minutes": 4,
            "ip_address": "",
            "ip_version": "IPv4",
            "location": "koreasouth",
            "name": "rdpip0-user05",
            "public_ip_address_allocation": "Dynamic",
            "public_ip_prefix_id": null,
            "resource_group_name": "rg-user05",
            "reverse_fqdn": null,
            "sku": "Basic",
            "tags": {},
            "zones": null
          },
          "private": "bnVsbA==",
          "depends_on": [
            "azurerm_resource_group.rg"
          ]
        },
        {
          "index_key": 1,
          "schema_version": 0,
          "attributes": {
            "allocation_method": "Dynamic",
            "domain_name_label": null,
            "fqdn": null,
            "id": "/subscriptions/e0fae348-f6c2-45f5-87b7-c41c22782d8f/resourceGroups/rg-user05/providers/Microsoft.Network/publicIPAddresses/rdpip1-user05",
            "idle_timeout_in_minutes": 4,
            "ip_address": "",
            "ip_version": "IPv4",
            "location": "koreasouth",
            "name": "rdpip1-user05",
            "public_ip_address_allocation": "Dynamic",
            "public_ip_prefix_id": null,
            "resource_group_name": "rg-user05",
            "reverse_fqdn": null,
            "sku": "Basic",
            "tags": {},
            "zones": null
          },
          "private": "bnVsbA==",
          "depends_on": [
            "azurerm_resource_group.rg"
          ]
        }
      ]
    },
    {
      "mode": "managed",
      "type": "azurerm_resource_group",
      "name": "rg",
      "provider": "provider.azurerm",
      "instances": [
        {
          "schema_version": 0,
          "attributes": {
            "id": "/subscriptions/e0fae348-f6c2-45f5-87b7-c41c22782d8f/resourceGroups/rg-user05",
            "location": "koreasouth",
            "name": "rg-user05",
            "tags": {}
          },
          "private": "bnVsbA=="
        }
      ]
    },
    {
      "mode": "managed",
      "type": "azurerm_subnet",
      "name": "sub",
      "provider": "provider.azurerm",
      "instances": [
        {
          "schema_version": 0,
          "attributes": {
            "address_prefix": "5.0.1.0/24",
            "delegation": [],
            "id": "/subscriptions/e0fae348-f6c2-45f5-87b7-c41c22782d8f/resourceGroups/rg-user05/providers/Microsoft.Network/virtualNetworks/vnet-user05/subnets/sub-user05",
            "ip_configurations": [],
            "name": "sub-user05",
            "network_security_group_id": "/subscriptions/e0fae348-f6c2-45f5-87b7-c41c22782d8f/resourceGroups/rg-user05/providers/Microsoft.Network/networkSecurityGroups/sg-user05",
            "resource_group_name": "rg-user05",
            "route_table_id": "",
            "service_endpoints": null,
            "virtual_network_name": "vnet-user05"
          },
          "private": "bnVsbA==",
          "depends_on": [
            "azurerm_network_security_group.sg",
            "azurerm_resource_group.rg",
            "azurerm_virtual_network.vnet"
          ]
        }
      ]
    },
    {
      "mode": "managed",
      "type": "azurerm_virtual_machine",
      "name": "vm",
      "each": "list",
      "provider": "provider.azurerm",
      "instances": [
        {
          "index_key": 0,
          "schema_version": 0,
          "attributes": {
            "additional_capabilities": [],
            "availability_set_id": "/subscriptions/e0fae348-f6c2-45f5-87b7-c41c22782d8f/resourcegroups/rg-user05/providers/microsoft.compute/availabilitysets/avset-user05",
            "boot_diagnostics": [],
            "delete_data_disks_on_termination": false,
            "delete_os_disk_on_termination": false,
            "id": "/subscriptions/e0fae348-f6c2-45f5-87b7-c41c22782d8f/resourceGroups/rg-user05/providers/Microsoft.Compute/virtualMachines/vm0-user05",
            "identity": [],
            "license_type": null,
            "location": "koreasouth",
            "name": "vm0-user05",
            "network_interface_ids": [
              "/subscriptions/e0fae348-f6c2-45f5-87b7-c41c22782d8f/resourceGroups/rg-user05/providers/Microsoft.Network/networkInterfaces/nic0-user05"
            ],
            "os_profile": [
              {
                "admin_password": "",
                "admin_username": "azureuser",
                "computer_name": "vm0-user05",
                "custom_data": ""
              }
            ],
            "os_profile_linux_config": [
              {
                "disable_password_authentication": false,
                "ssh_keys": []
              }
            ],
            "os_profile_secrets": [],
            "os_profile_windows_config": [],
            "plan": [],
            "primary_network_interface_id": null,
            "proximity_placement_group_id": null,
            "resource_group_name": "rg-user05",
            "storage_data_disk": [],
            "storage_image_reference": [
              {
                "id": "",
                "offer": "RHEL",
                "publisher": "RedHat",
                "sku": "7.4",
                "version": "latest"
              }
            ],
            "storage_os_disk": [
              {
                "caching": "ReadWrite",
                "create_option": "FromImage",
                "disk_size_gb": 32,
                "image_uri": "",
                "managed_disk_id": "/subscriptions/e0fae348-f6c2-45f5-87b7-c41c22782d8f/resourceGroups/rg-user05/providers/Microsoft.Compute/disks/osdisk0-user05",
                "managed_disk_type": "Standard_LRS",
                "name": "osdisk0-user05",
                "os_type": "Linux",
                "vhd_uri": "",
                "write_accelerator_enabled": false
              }
            ],
            "tags": {},
            "vm_size": "Standard_DS1_v2",
            "zones": null
          },
          "private": "bnVsbA==",
          "depends_on": [
            "azurerm_availability_set.avset",
            "azurerm_network_interface.nic",
            "azurerm_resource_group.rg"
          ]
        },
        {
          "index_key": 1,
          "schema_version": 0,
          "attributes": {
            "additional_capabilities": [],
            "availability_set_id": "/subscriptions/e0fae348-f6c2-45f5-87b7-c41c22782d8f/resourcegroups/rg-user05/providers/microsoft.compute/availabilitysets/avset-user05",
            "boot_diagnostics": [],
            "delete_data_disks_on_termination": false,
            "delete_os_disk_on_termination": false,
            "id": "/subscriptions/e0fae348-f6c2-45f5-87b7-c41c22782d8f/resourceGroups/rg-user05/providers/Microsoft.Compute/virtualMachines/vm1-user05",
            "identity": [],
            "license_type": null,
            "location": "koreasouth",
            "name": "vm1-user05",
            "network_interface_ids": [
              "/subscriptions/e0fae348-f6c2-45f5-87b7-c41c22782d8f/resourceGroups/rg-user05/providers/Microsoft.Network/networkInterfaces/nic1-user05"
            ],
            "os_profile": [
              {
                "admin_password": "",
                "admin_username": "azureuser",
                "computer_name": "vm1-user05",
                "custom_data": ""
              }
            ],
            "os_profile_linux_config": [
              {
                "disable_password_authentication": false,
                "ssh_keys": []
              }
            ],
            "os_profile_secrets": [],
            "os_profile_windows_config": [],
            "plan": [],
            "primary_network_interface_id": null,
            "proximity_placement_group_id": null,
            "resource_group_name": "rg-user05",
            "storage_data_disk": [],
            "storage_image_reference": [
              {
                "id": "",
                "offer": "RHEL",
                "publisher": "RedHat",
                "sku": "7.4",
                "version": "latest"
              }
            ],
            "storage_os_disk": [
              {
                "caching": "ReadWrite",
                "create_option": "FromImage",
                "disk_size_gb": 32,
                "image_uri": "",
                "managed_disk_id": "/subscriptions/e0fae348-f6c2-45f5-87b7-c41c22782d8f/resourceGroups/rg-user05/providers/Microsoft.Compute/disks/osdisk1-user05",
                "managed_disk_type": "Standard_LRS",
                "name": "osdisk1-user05",
                "os_type": "Linux",
                "vhd_uri": "",
                "write_accelerator_enabled": false
              }
            ],
            "tags": {},
            "vm_size": "Standard_DS1_v2",
            "zones": null
          },
          "private": "bnVsbA==",
          "depends_on": [
            "azurerm_availability_set.avset",
            "azurerm_network_interface.nic",
            "azurerm_resource_group.rg"
          ]
        }
      ]
    },
    {
      "mode": "managed",
      "type": "azurerm_virtual_network",
      "name": "vnet",
      "provider": "provider.azurerm",
      "instances": [
        {
          "schema_version": 0,
          "attributes": {
            "address_space": [
              "5.0.0.0/16"
            ],
            "ddos_protection_plan": [],
            "dns_servers": null,
            "id": "/subscriptions/e0fae348-f6c2-45f5-87b7-c41c22782d8f/resourceGroups/rg-user05/providers/Microsoft.Network/virtualNetworks/vnet-user05",
            "location": "koreasouth",
            "name": "vnet-user05",
            "resource_group_name": "rg-user05",
            "subnet": [],
            "tags": {}
          },
          "private": "bnVsbA==",
          "depends_on": [
            "azurerm_resource_group.rg"
          ]
        }
      ]
    }
  ]
}
